// !$*UTF8*$!
{
	archiveVersion = 1;
	classes = {
	};
	objectVersion = 46;
	objects = {

/* Begin PBXBuildFile section */
		32BCF27E1908399100644792 /* Person.m in Sources */ = {isa = PBXBuildFile; fileRef = 32BCF27D1908399100644792 /* Person.m */; };
		32E9D5BD1908298500FAA324 /* Foundation.framework in Frameworks */ = {isa = PBXBuildFile; fileRef = 32E9D5BC1908298500FAA324 /* Foundation.framework */; };
		32E9D5C01908298500FAA324 /* main.m in Sources */ = {isa = PBXBuildFile; fileRef = 32E9D5BF1908298500FAA324 /* main.m */; };
		32E9D5C41908298500FAA324 /* Day5.1 in CopyFiles */ = {isa = PBXBuildFile; fileRef = 32E9D5C31908298500FAA324 /* Day5.1 */; };
		DB63F40247B4426BA7924849 /* libPods.a in Frameworks */ = {isa = PBXBuildFile; fileRef = 90E61BF369564F129CDC9E80 /* libPods.a */; };
/* End PBXBuildFile section */

/* Begin PBXCopyFilesBuildPhase section */
		32E9D5B71908298500FAA324 /* CopyFiles */ = {
			isa = PBXCopyFilesBuildPhase;
			buildActionMask = 2147483647;
			dstPath = /usr/share/man/man1/;
			dstSubfolderSpec = 0;
			files = (
				32E9D5C41908298500FAA324 /* Day5.1 in CopyFiles */,
			);
			runOnlyForDeploymentPostprocessing = 1;
		};
/* End PBXCopyFilesBuildPhase section */

/* Begin PBXFileReference section */
		32BCF27C1908399100644792 /* Person.h */ = {isa = PBXFileReference; fileEncoding = 4; lastKnownFileType = sourcecode.c.h; path = Person.h; sourceTree = "<group>"; };
		32BCF27D1908399100644792 /* Person.m */ = {isa = PBXFileReference; fileEncoding = 4; lastKnownFileType = sourcecode.c.objc; path = Person.m; sourceTree = "<group>"; };
		32E9D5B91908298500FAA324 /* Day5 */ = {isa = PBXFileReference; explicitFileType = "compiled.mach-o.executable"; includeInIndex = 0; path = Day5; sourceTree = BUILT_PRODUCTS_DIR; };
		32E9D5BC1908298500FAA324 /* Foundation.framework */ = {isa = PBXFileReference; lastKnownFileType = wrapper.framework; name = Foundation.framework; path = System/Library/Frameworks/Foundation.framework; sourceTree = SDKROOT; };
		32E9D5BF1908298500FAA324 /* main.m */ = {isa = PBXFileReference; lastKnownFileType = sourcecode.c.objc; path = main.m; sourceTree = "<group>"; };
		32E9D5C21908298500FAA324 /* Day5-Prefix.pch */ = {isa = PBXFileReference; lastKnownFileType = sourcecode.c.h; path = "Day5-Prefix.pch"; sourceTree = "<group>"; };
		32E9D5C31908298500FAA324 /* Day5.1 */ = {isa = PBXFileReference; lastKnownFileType = text.man; path = Day5.1; sourceTree = "<group>"; };
		472D2BEBF5034395ADAEAA93 /* Pods.xcconfig */ = {isa = PBXFileReference; includeInIndex = 1; lastKnownFileType = text.xcconfig; name = Pods.xcconfig; path = ../Pods/Pods.xcconfig; sourceTree = "<group>"; };
		90E61BF369564F129CDC9E80 /* libPods.a */ = {isa = PBXFileReference; explicitFileType = archive.ar; includeInIndex = 0; path = libPods.a; sourceTree = BUILT_PRODUCTS_DIR; };
/* End PBXFileReference section */

/* Begin PBXFrameworksBuildPhase section */
		32E9D5B61908298500FAA324 /* Frameworks */ = {
			isa = PBXFrameworksBuildPhase;
			buildActionMask = 2147483647;
			files = (
				32E9D5BD1908298500FAA324 /* Foundation.framework in Frameworks */,
				DB63F40247B4426BA7924849 /* libPods.a in Frameworks */,
			);
			runOnlyForDeploymentPostprocessing = 0;
		};
/* End PBXFrameworksBuildPhase section */

/* Begin PBXGroup section */
		32E9D5B01908298500FAA324 = {
			isa = PBXGroup;
			children = (
				32E9D5BE1908298500FAA324 /* Day5 */,
				32E9D5BB1908298500FAA324 /* Frameworks */,
				32E9D5BA1908298500FAA324 /* Products */,
				472D2BEBF5034395ADAEAA93 /* Pods.xcconfig */,
			);
			sourceTree = "<group>";
		};
		32E9D5BA1908298500FAA324 /* Products */ = {
			isa = PBXGroup;
			children = (
				32E9D5B91908298500FAA324 /* Day5 */,
			);
			name = Products;
			sourceTree = "<group>";
		};
		32E9D5BB1908298500FAA324 /* Frameworks */ = {
			isa = PBXGroup;
			children = (
				32E9D5BC1908298500FAA324 /* Foundation.framework */,
				90E61BF369564F129CDC9E80 /* libPods.a */,
			);
			name = Frameworks;
			sourceTree = "<group>";
		};
		32E9D5BE1908298500FAA324 /* Day5 */ = {
			isa = PBXGroup;
			children = (
				32E9D5BF1908298500FAA324 /* main.m */,
				32E9D5C31908298500FAA324 /* Day5.1 */,
				32E9D5C11908298500FAA324 /* Supporting Files */,
				32BCF27C1908399100644792 /* Person.h */,
				32BCF27D1908399100644792 /* Person.m */,
			);
			path = Day5;
			sourceTree = "<group>";
		};
		32E9D5C11908298500FAA324 /* Supporting Files */ = {
			isa = PBXGroup;
			children = (
				32E9D5C21908298500FAA324 /* Day5-Prefix.pch */,
			);
			name = "Supporting Files";
			sourceTree = "<group>";
		};
/* End PBXGroup section */

/* Begin PBXNativeTarget section */
		32E9D5B81908298500FAA324 /* Day5 */ = {
			isa = PBXNativeTarget;
			buildConfigurationList = 32E9D5C71908298500FAA324 /* Build configuration list for PBXNativeTarget "Day5" */;
			buildPhases = (
				BA7FDEB8E237432389C1A84E /* Check Pods Manifest.lock */,
				32E9D5B51908298500FAA324 /* Sources */,
				32E9D5B61908298500FAA324 /* Frameworks */,
				32E9D5B71908298500FAA324 /* CopyFiles */,
				F90CB989C39C4789B7A48D23 /* Copy Pods Resources */,
			);
			buildRules = (
			);
			dependencies = (
			);
			name = Day5;
			productName = Day5;
			productReference = 32E9D5B91908298500FAA324 /* Day5 */;
			productType = "com.apple.product-type.tool";
		};
/* End PBXNativeTarget section */

/* Begin PBXProject section */
		32E9D5B11908298500FAA324 /* Project object */ = {
			isa = PBXProject;
			attributes = {
				LastUpgradeCheck = 0510;
				ORGANIZATIONNAME = OPALAB;
			};
			buildConfigurationList = 32E9D5B41908298500FAA324 /* Build configuration list for PBXProject "Day5" */;
			compatibilityVersion = "Xcode 3.2";
			developmentRegion = English;
			hasScannedForEncodings = 0;
			knownRegions = (
				en,
			);
			mainGroup = 32E9D5B01908298500FAA324;
			productRefGroup = 32E9D5BA1908298500FAA324 /* Products */;
			projectDirPath = "";
			projectRoot = "";
			targets = (
				32E9D5B81908298500FAA324 /* Day5 */,
			);
		};
/* End PBXProject section */

/* Begin PBXShellScriptBuildPhase section */
		BA7FDEB8E237432389C1A84E /* Check Pods Manifest.lock */ = {
			isa = PBXShellScriptBuildPhase;
			buildActionMask = 2147483647;
			files = (
			);
			inputPaths = (
			);
			name = "Check Pods Manifest.lock";
			outputPaths = (
			);
			runOnlyForDeploymentPostprocessing = 0;
			shellPath = /bin/sh;
			shellScript = "diff \"${PODS_ROOT}/../Podfile.lock\" \"${PODS_ROOT}/Manifest.lock\" > /dev/null\nif [[ $? != 0 ]] ; then\n    cat << EOM\nerror: The sandbox is not in sync with the Podfile.lock. Run 'pod install' or update your CocoaPods installation.\nEOM\n    exit 1\nfi\n";
			showEnvVarsInLog = 0;
		};
		F90CB989C39C4789B7A48D23 /* Copy Pods Resources */ = {
			isa = PBXShellScriptBuildPhase;
			buildActionMask = 2147483647;
			files = (
			);
			inputPaths = (
			);
			name = "Copy Pods Resources";
			outputPaths = (
			);
			runOnlyForDeploymentPostprocessing = 0;
			shellPath = /bin/sh;
			shellScript = "\"${SRCROOT}/../Pods/Pods-resources.sh\"\n";
			showEnvVarsInLog = 0;
		};
/* End PBXShellScriptBuildPhase section */

/* Begin PBXSourcesBuildPhase section */
		32E9D5B51908298500FAA324 /* Sources */ = {
			isa = PBXSourcesBuildPhase;
			buildActionMask = 2147483647;
			files = (
				32BCF27E1908399100644792 /* Person.m in Sources */,
				32E9D5C01908298500FAA324 /* main.m in Sources */,
			);
			runOnlyForDeploymentPostprocessing = 0;
		};
/* End PBXSourcesBuildPhase section */

/* Begin XCBuildConfiguration section */
		32E9D5C51908298500FAA324 /* Debug */ = {
			isa = XCBuildConfiguration;
			buildSettings = {
				ALWAYS_SEARCH_USER_PATHS = NO;
				CLANG_CXX_LANGUAGE_STANDARD = "gnu++0x";
				CLANG_CXX_LIBRARY = "libc++";
				CLANG_ENABLE_MODULES = YES;
				CLANG_ENABLE_OBJC_ARC = YES;
				CLANG_WARN_BOOL_CONVERSION = YES;
				CLANG_WARN_CONSTANT_CONVERSION = YES;
				CLANG_WARN_DIRECT_OBJC_ISA_USAGE = YES_ERROR;
				CLANG_WARN_EMPTY_BODY = YES;
				CLANG_WARN_ENUM_CONVERSION = YES;
				CLANG_WARN_INT_CONVERSION = YES;
				CLANG_WARN_OBJC_ROOT_CLASS = YES_ERROR;
				CLANG_WARN__DUPLICATE_METHOD_MATCH = YES;
				COPY_PHASE_STRIP = NO;
				GCC_C_LANGUAGE_STANDARD = gnu99;
				GCC_DYNAMIC_NO_PIC = NO;
				GCC_ENABLE_OBJC_EXCEPTIONS = YES;
				GCC_OPTIMIZATION_LEVEL = 0;
				GCC_PREPROCESSOR_DEFINITIONS = (
					"DEBUG=1",
					"$(inherited)",
				);
				GCC_SYMBOLS_PRIVATE_EXTERN = NO;
				GCC_WARN_64_TO_32_BIT_CONVERSION = YES;
				GCC_WARN_ABOUT_RETURN_TYPE = YES_ERROR;
				GCC_WARN_UNDECLARED_SELECTOR = YES;
				GCC_WARN_UNINITIALIZED_AUTOS = YES_AGGRESSIVE;
				GCC_WARN_UNUSED_FUNCTION = YES;
				GCC_WARN_UNUSED_VARIABLE = YES;
				MACOSX_DEPLOYMENT_TARGET = 10.9;
				ONLY_ACTIVE_ARCH = YES;
				SDKROOT = macosx;
			};
			name = Debug;
		};
		32E9D5C61908298500FAA324 /* Release */ = {
			isa = XCBuildConfiguration;
			buildSettings = {
				ALWAYS_SEARCH_USER_PATHS = NO;
				CLANG_CXX_LANGUAGE_STANDARD = "gnu++0x";
				CLANG_CXX_LIBRARY = "libc++";
				CLANG_ENABLE_MODULES = YES;
				CLANG_ENABLE_OBJC_ARC = YES;
				CLANG_WARN_BOOL_CONVERSION = YES;
				CLANG_WARN_CONSTANT_CONVERSION = YES;
				CLANG_WARN_DIRECT_OBJC_ISA_USAGE = YES_ERROR;
				CLANG_WARN_EMPTY_BODY = YES;
				CLANG_WARN_ENUM_CONVERSION = YES;
				CLANG_WARN_INT_CONVERSION = YES;
				CLANG_WARN_OBJC_ROOT_CLASS = YES_ERROR;
				CLANG_WARN__DUPLICATE_METHOD_MATCH = YES;
				COPY_PHASE_STRIP = YES;
				DEBUG_INFORMATION_FORMAT = "dwarf-with-dsym";
				ENABLE_NS_ASSERTIONS = NO;
				GCC_C_LANGUAGE_STANDARD = gnu99;
				GCC_ENABLE_OBJC_EXCEPTIONS = YES;
				GCC_WARN_64_TO_32_BIT_CONVERSION = YES;
				GCC_WARN_ABOUT_RETURN_TYPE = YES_ERROR;
				GCC_WARN_UNDECLARED_SELECTOR = YES;
				GCC_WARN_UNINITIALIZED_AUTOS = YES_AGGRESSIVE;
				GCC_WARN_UNUSED_FUNCTION = YES;
				GCC_WARN_UNUSED_VARIABLE = YES;
				MACOSX_DEPLOYMENT_TARGET = 10.9;
				SDKROOT = macosx;
			};
			name = Release;
		};
		32E9D5C81908298500FAA324 /* Debug */ = {
			isa = XCBuildConfiguration;
			baseConfigurationReference = 472D2BEBF5034395ADAEAA93 /* Pods.xcconfig */;
			buildSettings = {
				GCC_PRECOMPILE_PREFIX_HEADER = YES;
				GCC_PREFIX_HEADER = "Day5/Day5-Prefix.pch";
				PRODUCT_NAME = "$(TARGET_NAME)";
			};
			name = Debug;
		};
		32E9D5C91908298500FAA324 /* Release */ = {
			isa = XCBuildConfiguration;
			baseConfigurationReference = 472D2BEBF5034395ADAEAA93 /* Pods.xcconfig */;
			buildSettings = {
				GCC_PRECOMPILE_PREFIX_HEADER = YES;
				GCC_PREFIX_HEADER = "Day5/Day5-Prefix.pch";
				PRODUCT_NAME = "$(TARGET_NAME)";
			};
			name = Release;
		};
/* End XCBuildConfiguration section */

/* Begin XCConfigurationList section */
		32E9D5B41908298500FAA324 /* Build configuration list for PBXProject "Day5" */ = {
			isa = XCConfigurationList;
			buildConfigurations = (
				32E9D5C51908298500FAA324 /* Debug */,
				32E9D5C61908298500FAA324 /* Release */,
			);
			defaultConfigurationIsVisible = 0;
			defaultConfigurationName = Release;
		};
		32E9D5C71908298500FAA324 /* Build configuration list for PBXNativeTarget "Day5" */ = {
			isa = XCConfigurationList;
			buildConfigurations = (
				32E9D5C81908298500FAA324 /* Debug */,
				32E9D5C91908298500FAA324 /* Release */,
			);
			defaultConfigurationIsVisible = 0;
			defaultConfigurationName = Release;
		};
/* End XCConfigurationList section */
	};
	rootObject = 32E9D5B11908298500FAA324 /* Project object */;
}
